
Microsoft Visual Studio Solution File, Format Version 12.00
Project("{FAE04EC0-301F-11D3-BF4B-00C04F79EFBC}") = "WindowsFormsApp1", "WindowsFormsApp1\WindowsFormsApp1.csproj", "{E92EC7EB-CFA0-4AA9-AC9D-86749EB40A0F}"
EndProject
Project("{FAE04EC0-301F-11D3-BF4B-00C04F79EFBC}") = "WpfApplication1", "WpfApplication1\WpfApplication1.csproj", "{B19884AC-4168-4289-94AD-E0B373FC8228}"
EndProject
Project("{FAE04EC0-301F-11D3-BF4B-00C04F79EFBC}") = "WindowsFormsApp2", "WindowsFormsApp2\WindowsFormsApp2.csproj", "{10C3783F-3C29-4409-92C9-EE120035B558}"
EndProject
Global
	GlobalSection(SolutionConfigurationPlatforms) = preSolution
		Debug|Any CPU = Debug|Any CPU
		Release|Any CPU = Release|Any CPU
	EndGlobalSection
	GlobalSection(ProjectConfigurationPlatforms) = postSolution
		{E92EC7EB-CFA0-4AA9-AC9D-86749EB40A0F}.Debug|Any CPU.ActiveCfg = Debug|Any CPU
		{E92EC7EB-CFA0-4AA9-AC9D-86749EB40A0F}.Debug|Any CPU.Build.0 = Debug|Any CPU
		{E92EC7EB-CFA0-4AA9-AC9D-86749EB40A0F}.Release|Any CPU.ActiveCfg = Release|Any CPU
		{E92EC7EB-CFA0-4AA9-AC9D-86749EB40A0F}.Release|Any CPU.Build.0 = Release|Any CPU
		{B19884AC-4168-4289-94AD-E0B373FC8228}.Debug|Any CPU.ActiveCfg = Debug|Any CPU
		{B19884AC-4168-4289-94AD-E0B373FC8228}.Debug|Any CPU.Build.0 = Debug|Any CPU
		{B19884AC-4168-4289-94AD-E0B373FC8228}.Release|Any CPU.ActiveCfg = Release|Any CPU
		{B19884AC-4168-4289-94AD-E0B373FC8228}.Release|Any CPU.Build.0 = Release|Any CPU
		{10C3783F-3C29-4409-92C9-EE120035B558}.Debug|Any CPU.ActiveCfg = Debug|Any CPU
		{10C3783F-3C29-4409-92C9-EE120035B558}.Debug|Any CPU.Build.0 = Debug|Any CPU
		{10C3783F-3C29-4409-92C9-EE120035B558}.Release|Any CPU.ActiveCfg = Release|Any CPU
		{10C3783F-3C29-4409-92C9-EE120035B558}.Release|Any CPU.Build.0 = Release|Any CPU
	EndGlobalSection
EndGlobal
